
Microsoft Visual Studio Solution File, Format Version 12.00
# Visual Studio Version 17
VisualStudioVersion = 17.5.33502.453
MinimumVisualStudioVersion = 10.0.40219.1
Project("{888888A0-9F3D-457C-B088-3A5042F75D52}") = "VQAClassifier_baseline2", "VQAClassifier_baseline2.pyproj", "{5CF9713F-50C8-4F63-9334-D8D5646888BD}"
EndProject
Global
	GlobalSection(SolutionConfigurationPlatforms) = preSolution
		Debug|Any CPU = Debug|Any CPU
		Release|Any CPU = Release|Any CPU
	EndGlobalSection
	GlobalSection(ProjectConfigurationPlatforms) = postSolution
		{5CF9713F-50C8-4F63-9334-D8D5646888BD}.Debug|Any CPU.ActiveCfg = Debug|Any CPU
		{5CF9713F-50C8-4F63-9334-D8D5646888BD}.Release|Any CPU.ActiveCfg = Release|Any CPU
	EndGlobalSection
	GlobalSection(SolutionProperties) = preSolution
		HideSolutionNode = FALSE
	EndGlobalSection
	GlobalSection(ExtensibilityGlobals) = postSolution
		SolutionGuid = {9A808CFA-E33D-49E8-B9C8-63F75277E5EB}
	EndGlobalSection
EndGlobal
